// !$*UTF8*$!
{
	archiveVersion = 1;
	classes = {
	};
	objectVersion = 77;
	objects = {

/* Begin PBXBuildFile section */
		216E579D2E8EADA10005F23C /* LaunchScreen.storyboard in Resources */ = {isa = PBXBuildFile; fileRef = 216E579B2E8EADA10005F23C /* LaunchScreen.storyboard */; };
		216E57C62E8EB0990005F23C /* PageViewController.swift in Sources */ = {isa = PBXBuildFile; fileRef = 216E57C52E8EB0990005F23C /* PageViewController.swift */; };
		216E58272E9123AB0005F23C /* NetworkService.swift in Sources */ = {isa = PBXBuildFile; fileRef = 216E58262E9123AB0005F23C /* NetworkService.swift */; };
		216E582A2E912AD70005F23C /* RocketInfo.swift in Sources */ = {isa = PBXBuildFile; fileRef = 216E58292E912AD70005F23C /* RocketInfo.swift */; };
		216E582C2E93D35E0005F23C /* Quere.swift in Sources */ = {isa = PBXBuildFile; fileRef = 216E582B2E93D35E0005F23C /* Quere.swift */; };
		216E58302E950B8F0005F23C /* Launch.swift in Sources */ = {isa = PBXBuildFile; fileRef = 216E582F2E950B8F0005F23C /* Launch.swift */; };
		216E584A2E9524330005F23C /* FirstViewController.swift in Sources */ = {isa = PBXBuildFile; fileRef = 216E58492E9524330005F23C /* FirstViewController.swift */; };
		216E584C2E9529A00005F23C /* SettingsViewController.swift in Sources */ = {isa = PBXBuildFile; fileRef = 216E584B2E9529A00005F23C /* SettingsViewController.swift */; };
		216E58502E968EA70005F23C /* SettingsCell.swift in Sources */ = {isa = PBXBuildFile; fileRef = 216E584F2E968EA70005F23C /* SettingsCell.swift */; };
		216E58582E9951A90005F23C /* StorageProvider.swift in Sources */ = {isa = PBXBuildFile; fileRef = 216E58572E9951A90005F23C /* StorageProvider.swift */; };
		216E585A2E9955400005F23C /* Settings.swift in Sources */ = {isa = PBXBuildFile; fileRef = 216E58592E9955400005F23C /* Settings.swift */; };
/* End PBXBuildFile section */

/* Begin PBXContainerItemProxy section */
		216E57A42E8EADA10005F23C /* PBXContainerItemProxy */ = {
			isa = PBXContainerItemProxy;
			containerPortal = 216E57852E8EAD9F0005F23C /* Project object */;
			proxyType = 1;
			remoteGlobalIDString = 216E578C2E8EAD9F0005F23C;
			remoteInfo = "SpaceX-PetProject";
		};
		216E57AE2E8EADA10005F23C /* PBXContainerItemProxy */ = {
			isa = PBXContainerItemProxy;
			containerPortal = 216E57852E8EAD9F0005F23C /* Project object */;
			proxyType = 1;
			remoteGlobalIDString = 216E578C2E8EAD9F0005F23C;
			remoteInfo = "SpaceX-PetProject";
		};
/* End PBXContainerItemProxy section */

/* Begin PBXFileReference section */
		216E578D2E8EAD9F0005F23C /* SpaceX-PetProject.app */ = {isa = PBXFileReference; explicitFileType = wrapper.application; includeInIndex = 0; path = "SpaceX-PetProject.app"; sourceTree = BUILT_PRODUCTS_DIR; };
		216E579C2E8EADA10005F23C /* Base */ = {isa = PBXFileReference; lastKnownFileType = file.storyboard; name = Base; path = Base.lproj/LaunchScreen.storyboard; sourceTree = "<group>"; };
		216E579E2E8EADA10005F23C /* Info.plist */ = {isa = PBXFileReference; lastKnownFileType = text.plist.xml; path = Info.plist; sourceTree = "<group>"; };
		216E57A32E8EADA10005F23C /* SpaceX-PetProjectTests.xctest */ = {isa = PBXFileReference; explicitFileType = wrapper.cfbundle; includeInIndex = 0; path = "SpaceX-PetProjectTests.xctest"; sourceTree = BUILT_PRODUCTS_DIR; };
		216E57AD2E8EADA10005F23C /* SpaceX-PetProjectUITests.xctest */ = {isa = PBXFileReference; explicitFileType = wrapper.cfbundle; includeInIndex = 0; path = "SpaceX-PetProjectUITests.xctest"; sourceTree = BUILT_PRODUCTS_DIR; };
		216E57C52E8EB0990005F23C /* PageViewController.swift */ = {isa = PBXFileReference; lastKnownFileType = sourcecode.swift; path = PageViewController.swift; sourceTree = "<group>"; };
		216E58262E9123AB0005F23C /* NetworkService.swift */ = {isa = PBXFileReference; lastKnownFileType = sourcecode.swift; path = NetworkService.swift; sourceTree = "<group>"; };
		216E58292E912AD70005F23C /* RocketInfo.swift */ = {isa = PBXFileReference; lastKnownFileType = sourcecode.swift; path = RocketInfo.swift; sourceTree = "<group>"; };
		216E582B2E93D35E0005F23C /* Quere.swift */ = {isa = PBXFileReference; lastKnownFileType = sourcecode.swift; path = Quere.swift; sourceTree = "<group>"; };
		216E582F2E950B8F0005F23C /* Launch.swift */ = {isa = PBXFileReference; lastKnownFileType = sourcecode.swift; path = Launch.swift; sourceTree = "<group>"; };
		216E58492E9524330005F23C /* FirstViewController.swift */ = {isa = PBXFileReference; lastKnownFileType = sourcecode.swift; path = FirstViewController.swift; sourceTree = "<group>"; };
		216E584B2E9529A00005F23C /* SettingsViewController.swift */ = {isa = PBXFileReference; lastKnownFileType = sourcecode.swift; path = SettingsViewController.swift; sourceTree = "<group>"; };
		216E584F2E968EA70005F23C /* SettingsCell.swift */ = {isa = PBXFileReference; lastKnownFileType = sourcecode.swift; path = SettingsCell.swift; sourceTree = "<group>"; };
		216E58572E9951A90005F23C /* StorageProvider.swift */ = {isa = PBXFileReference; lastKnownFileType = sourcecode.swift; path = StorageProvider.swift; sourceTree = "<group>"; };
		216E58592E9955400005F23C /* Settings.swift */ = {isa = PBXFileReference; lastKnownFileType = sourcecode.swift; path = Settings.swift; sourceTree = "<group>"; };
/* End PBXFileReference section */

/* Begin PBXFileSystemSynchronizedRootGroup section */
		216E578F2E8EAD9F0005F23C /* SupportFiles */ = {
			isa = PBXFileSystemSynchronizedRootGroup;
			path = SupportFiles;
			sourceTree = "<group>";
		};
		216E57A62E8EADA10005F23C /* SpaceX-PetProjectTests */ = {
			isa = PBXFileSystemSynchronizedRootGroup;
			path = "SpaceX-PetProjectTests";
			sourceTree = "<group>";
		};
		216E57B02E8EADA10005F23C /* SpaceX-PetProjectUITests */ = {
			isa = PBXFileSystemSynchronizedRootGroup;
			path = "SpaceX-PetProjectUITests";
			sourceTree = "<group>";
		};
/* End PBXFileSystemSynchronizedRootGroup section */

/* Begin PBXFrameworksBuildPhase section */
		216E578A2E8EAD9F0005F23C /* Frameworks */ = {
			isa = PBXFrameworksBuildPhase;
			buildActionMask = 2147483647;
			files = (
			);
			runOnlyForDeploymentPostprocessing = 0;
		};
		216E57A02E8EADA10005F23C /* Frameworks */ = {
			isa = PBXFrameworksBuildPhase;
			buildActionMask = 2147483647;
			files = (
			);
			runOnlyForDeploymentPostprocessing = 0;
		};
		216E57AA2E8EADA10005F23C /* Frameworks */ = {
			isa = PBXFrameworksBuildPhase;
			buildActionMask = 2147483647;
			files = (
			);
			runOnlyForDeploymentPostprocessing = 0;
		};
/* End PBXFrameworksBuildPhase section */

/* Begin PBXGroup section */
		216E57842E8EAD9F0005F23C = {
			isa = PBXGroup;
			children = (
				216E57C22E8EAEDA0005F23C /* Views */,
				216E58252E9123540005F23C /* Networking */,
				216E57C32E8EAEE80005F23C /* Controlls */,
				216E579E2E8EADA10005F23C /* Info.plist */,
				216E578F2E8EAD9F0005F23C /* SupportFiles */,
				216E57A62E8EADA10005F23C /* SpaceX-PetProjectTests */,
				216E57B02E8EADA10005F23C /* SpaceX-PetProjectUITests */,
				216E578E2E8EAD9F0005F23C /* Products */,
			);
			sourceTree = "<group>";
		};
		216E578E2E8EAD9F0005F23C /* Products */ = {
			isa = PBXGroup;
			children = (
				216E578D2E8EAD9F0005F23C /* SpaceX-PetProject.app */,
				216E57A32E8EADA10005F23C /* SpaceX-PetProjectTests.xctest */,
				216E57AD2E8EADA10005F23C /* SpaceX-PetProjectUITests.xctest */,
			);
			name = Products;
			sourceTree = "<group>";
		};
		216E57C22E8EAEDA0005F23C /* Views */ = {
			isa = PBXGroup;
			children = (
				216E579B2E8EADA10005F23C /* LaunchScreen.storyboard */,
			);
			path = Views;
			sourceTree = "<group>";
		};
		216E57C32E8EAEE80005F23C /* Controlls */ = {
			isa = PBXGroup;
			children = (
				216E585B2E9D124F0005F23C /* SettingsModule */,
				216E57C52E8EB0990005F23C /* PageViewController.swift */,
				216E58492E9524330005F23C /* FirstViewController.swift */,
			);
			path = Controlls;
			sourceTree = "<group>";
		};
		216E58252E9123540005F23C /* Networking */ = {
			isa = PBXGroup;
			children = (
				216E58572E9951A90005F23C /* StorageProvider.swift */,
				216E58262E9123AB0005F23C /* NetworkService.swift */,
				216E58292E912AD70005F23C /* RocketInfo.swift */,
				216E582B2E93D35E0005F23C /* Quere.swift */,
				216E582F2E950B8F0005F23C /* Launch.swift */,
			);
			path = Networking;
			sourceTree = "<group>";
		};
		216E585B2E9D124F0005F23C /* SettingsModule */ = {
			isa = PBXGroup;
			children = (
				216E587B2E9D5AC10005F23C /* Model */,
				216E587A2E9D5AB80005F23C /* View */,
			);
			path = SettingsModule;
			sourceTree = "<group>";
		};
		216E587A2E9D5AB80005F23C /* View */ = {
			isa = PBXGroup;
			children = (
				216E584B2E9529A00005F23C /* SettingsViewController.swift */,
				216E584F2E968EA70005F23C /* SettingsCell.swift */,
			);
			path = View;
			sourceTree = "<group>";
		};
		216E587B2E9D5AC10005F23C /* Model */ = {
			isa = PBXGroup;
			children = (
				216E58592E9955400005F23C /* Settings.swift */,
			);
			path = Model;
			sourceTree = "<group>";
		};
/* End PBXGroup section */

/* Begin PBXNativeTarget section */
		216E578C2E8EAD9F0005F23C /* SpaceX-PetProject */ = {
			isa = PBXNativeTarget;
			buildConfigurationList = 216E57B62E8EADA10005F23C /* Build configuration list for PBXNativeTarget "SpaceX-PetProject" */;
			buildPhases = (
				216E57892E8EAD9F0005F23C /* Sources */,
				216E580A2E9036610005F23C /* ShellScript */,
				216E578A2E8EAD9F0005F23C /* Frameworks */,
				216E578B2E8EAD9F0005F23C /* Resources */,
			);
			buildRules = (
			);
			dependencies = (
				216E580C2E911C5B0005F23C /* PBXTargetDependency */,
			);
			fileSystemSynchronizedGroups = (
				216E578F2E8EAD9F0005F23C /* SupportFiles */,
			);
			name = "SpaceX-PetProject";
			packageProductDependencies = (
			);
			productName = "SpaceX-PetProject";
			productReference = 216E578D2E8EAD9F0005F23C /* SpaceX-PetProject.app */;
			productType = "com.apple.product-type.application";
		};
		216E57A22E8EADA10005F23C /* SpaceX-PetProjectTests */ = {
			isa = PBXNativeTarget;
			buildConfigurationList = 216E57BB2E8EADA10005F23C /* Build configuration list for PBXNativeTarget "SpaceX-PetProjectTests" */;
			buildPhases = (
				216E579F2E8EADA10005F23C /* Sources */,
				216E57A02E8EADA10005F23C /* Frameworks */,
				216E57A12E8EADA10005F23C /* Resources */,
			);
			buildRules = (
			);
			dependencies = (
				216E57A52E8EADA10005F23C /* PBXTargetDependency */,
			);
			fileSystemSynchronizedGroups = (
				216E57A62E8EADA10005F23C /* SpaceX-PetProjectTests */,
			);
			name = "SpaceX-PetProjectTests";
			packageProductDependencies = (
			);
			productName = "SpaceX-PetProjectTests";
			productReference = 216E57A32E8EADA10005F23C /* SpaceX-PetProjectTests.xctest */;
			productType = "com.apple.product-type.bundle.unit-test";
		};
		216E57AC2E8EADA10005F23C /* SpaceX-PetProjectUITests */ = {
			isa = PBXNativeTarget;
			buildConfigurationList = 216E57BE2E8EADA10005F23C /* Build configuration list for PBXNativeTarget "SpaceX-PetProjectUITests" */;
			buildPhases = (
				216E57A92E8EADA10005F23C /* Sources */,
				216E57AA2E8EADA10005F23C /* Frameworks */,
				216E57AB2E8EADA10005F23C /* Resources */,
			);
			buildRules = (
			);
			dependencies = (
				216E57AF2E8EADA10005F23C /* PBXTargetDependency */,
			);
			fileSystemSynchronizedGroups = (
				216E57B02E8EADA10005F23C /* SpaceX-PetProjectUITests */,
			);
			name = "SpaceX-PetProjectUITests";
			packageProductDependencies = (
			);
			productName = "SpaceX-PetProjectUITests";
			productReference = 216E57AD2E8EADA10005F23C /* SpaceX-PetProjectUITests.xctest */;
			productType = "com.apple.product-type.bundle.ui-testing";
		};
/* End PBXNativeTarget section */

/* Begin PBXProject section */
		216E57852E8EAD9F0005F23C /* Project object */ = {
			isa = PBXProject;
			attributes = {
				BuildIndependentTargetsInParallel = 1;
				LastSwiftUpdateCheck = 1640;
				LastUpgradeCheck = 1640;
				TargetAttributes = {
					216E578C2E8EAD9F0005F23C = {
						CreatedOnToolsVersion = 16.4;
					};
					216E57A22E8EADA10005F23C = {
						CreatedOnToolsVersion = 16.4;
						TestTargetID = 216E578C2E8EAD9F0005F23C;
					};
					216E57AC2E8EADA10005F23C = {
						CreatedOnToolsVersion = 16.4;
						TestTargetID = 216E578C2E8EAD9F0005F23C;
					};
				};
			};
			buildConfigurationList = 216E57882E8EAD9F0005F23C /* Build configuration list for PBXProject "SpaceX-PetProject" */;
			developmentRegion = en;
			hasScannedForEncodings = 0;
			knownRegions = (
				en,
				Base,
			);
			mainGroup = 216E57842E8EAD9F0005F23C;
			minimizedProjectReferenceProxies = 1;
			packageReferences = (
				216E57EB2E901C620005F23C /* XCRemoteSwiftPackageReference "SwiftLint" */,
			);
			preferredProjectObjectVersion = 77;
			productRefGroup = 216E578E2E8EAD9F0005F23C /* Products */;
			projectDirPath = "";
			projectRoot = "";
			targets = (
				216E578C2E8EAD9F0005F23C /* SpaceX-PetProject */,
				216E57A22E8EADA10005F23C /* SpaceX-PetProjectTests */,
				216E57AC2E8EADA10005F23C /* SpaceX-PetProjectUITests */,
			);
		};
/* End PBXProject section */

/* Begin PBXResourcesBuildPhase section */
		216E578B2E8EAD9F0005F23C /* Resources */ = {
			isa = PBXResourcesBuildPhase;
			buildActionMask = 2147483647;
			files = (
				216E579D2E8EADA10005F23C /* LaunchScreen.storyboard in Resources */,
			);
			runOnlyForDeploymentPostprocessing = 0;
		};
		216E57A12E8EADA10005F23C /* Resources */ = {
			isa = PBXResourcesBuildPhase;
			buildActionMask = 2147483647;
			files = (
			);
			runOnlyForDeploymentPostprocessing = 0;
		};
		216E57AB2E8EADA10005F23C /* Resources */ = {
			isa = PBXResourcesBuildPhase;
			buildActionMask = 2147483647;
			files = (
			);
			runOnlyForDeploymentPostprocessing = 0;
		};
/* End PBXResourcesBuildPhase section */

/* Begin PBXShellScriptBuildPhase section */
		216E580A2E9036610005F23C /* ShellScript */ = {
			isa = PBXShellScriptBuildPhase;
			alwaysOutOfDate = 1;
			buildActionMask = 2147483647;
			files = (
			);
			inputFileListPaths = (
			);
			inputPaths = (
				" $(SRCROOT)/.swiftlint.yml\n$(SRCROOT)/SpaceX-PetProject\n",
			);
			outputFileListPaths = (
			);
			outputPaths = (
			);
			runOnlyForDeploymentPostprocessing = 0;
			shellPath = /bin/sh;
			shellScript = "
";
			showEnvVarsInLog = 0;
		};
/* End PBXShellScriptBuildPhase section */

/* Begin PBXSourcesBuildPhase section */
		216E57892E8EAD9F0005F23C /* Sources */ = {
			isa = PBXSourcesBuildPhase;
			buildActionMask = 2147483647;
			files = (
				216E58502E968EA70005F23C /* SettingsCell.swift in Sources */,
				216E57C62E8EB0990005F23C /* PageViewController.swift in Sources */,
				216E585A2E9955400005F23C /* Settings.swift in Sources */,
				216E582C2E93D35E0005F23C /* Quere.swift in Sources */,
				216E582A2E912AD70005F23C /* RocketInfo.swift in Sources */,
				216E584A2E9524330005F23C /* FirstViewController.swift in Sources */,
				216E58302E950B8F0005F23C /* Launch.swift in Sources */,
				216E58272E9123AB0005F23C /* NetworkService.swift in Sources */,
				216E584C2E9529A00005F23C /* SettingsViewController.swift in Sources */,
				216E58582E9951A90005F23C /* StorageProvider.swift in Sources */,
			);
			runOnlyForDeploymentPostprocessing = 0;
		};
		216E579F2E8EADA10005F23C /* Sources */ = {
			isa = PBXSourcesBuildPhase;
			buildActionMask = 2147483647;
			files = (
			);
			runOnlyForDeploymentPostprocessing = 0;
		};
		216E57A92E8EADA10005F23C /* Sources */ = {
			isa = PBXSourcesBuildPhase;
			buildActionMask = 2147483647;
			files = (
			);
			runOnlyForDeploymentPostprocessing = 0;
		};
/* End PBXSourcesBuildPhase section */

/* Begin PBXTargetDependency section */
		216E57A52E8EADA10005F23C /* PBXTargetDependency */ = {
			isa = PBXTargetDependency;
			target = 216E578C2E8EAD9F0005F23C /* SpaceX-PetProject */;
			targetProxy = 216E57A42E8EADA10005F23C /* PBXContainerItemProxy */;
		};
		216E57AF2E8EADA10005F23C /* PBXTargetDependency */ = {
			isa = PBXTargetDependency;
			target = 216E578C2E8EAD9F0005F23C /* SpaceX-PetProject */;
			targetProxy = 216E57AE2E8EADA10005F23C /* PBXContainerItemProxy */;
		};
		216E580C2E911C5B0005F23C /* PBXTargetDependency */ = {
			isa = PBXTargetDependency;
			productRef = 216E580B2E911C5B0005F23C /* SwiftLintBuildToolPlugin */;
		};
/* End PBXTargetDependency section */

/* Begin PBXVariantGroup section */
		216E579B2E8EADA10005F23C /* LaunchScreen.storyboard */ = {
			isa = PBXVariantGroup;
			children = (
				216E579C2E8EADA10005F23C /* Base */,
			);
			name = LaunchScreen.storyboard;
			sourceTree = "<group>";
		};
/* End PBXVariantGroup section */

/* Begin XCBuildConfiguration section */
		216E57B72E8EADA10005F23C /* Debug */ = {
			isa = XCBuildConfiguration;
			buildSettings = {
				ASSETCATALOG_COMPILER_APPICON_NAME = AppIcon;
				ASSETCATALOG_COMPILER_GLOBAL_ACCENT_COLOR_NAME = AccentColor;
				CODE_SIGN_STYLE = Automatic;
				CURRENT_PROJECT_VERSION = 1;
				GENERATE_INFOPLIST_FILE = YES;
				INFOPLIST_FILE = Info.plist;
				INFOPLIST_KEY_UIApplicationSupportsIndirectInputEvents = YES;
				INFOPLIST_KEY_UILaunchStoryboardName = LaunchScreen;
				INFOPLIST_KEY_UIMainStoryboardFile = "";
				INFOPLIST_KEY_UISupportedInterfaceOrientations_iPad = "UIInterfaceOrientationPortrait UIInterfaceOrientationPortraitUpsideDown UIInterfaceOrientationLandscapeLeft UIInterfaceOrientationLandscapeRight";
				INFOPLIST_KEY_UISupportedInterfaceOrientations_iPhone = "UIInterfaceOrientationPortrait UIInterfaceOrientationLandscapeLeft UIInterfaceOrientationLandscapeRight";
				IPHONEOS_DEPLOYMENT_TARGET = 18.0;
				LD_RUNPATH_SEARCH_PATHS = (
					"$(inherited)",
					"@executable_path/Frameworks",
				);
				MARKETING_VERSION = 1.0;
				PRODUCT_BUNDLE_IDENTIFIER = "com.sergeew.SpaceX-PetProject";
				PRODUCT_NAME = "$(TARGET_NAME)";
				SWIFT_EMIT_LOC_STRINGS = YES;
				SWIFT_VERSION = 5.0;
				TARGETED_DEVICE_FAMILY = "1,2";
			};
			name = Debug;
		};
		216E57B82E8EADA10005F23C /* Release */ = {
			isa = XCBuildConfiguration;
			buildSettings = {
				ASSETCATALOG_COMPILER_APPICON_NAME = AppIcon;
				ASSETCATALOG_COMPILER_GLOBAL_ACCENT_COLOR_NAME = AccentColor;
				CODE_SIGN_STYLE = Automatic;
				CURRENT_PROJECT_VERSION = 1;
				GENERATE_INFOPLIST_FILE = YES;
				INFOPLIST_FILE = Info.plist;
				INFOPLIST_KEY_UIApplicationSupportsIndirectInputEvents = YES;
				INFOPLIST_KEY_UILaunchStoryboardName = LaunchScreen;
				INFOPLIST_KEY_UIMainStoryboardFile = "";
				INFOPLIST_KEY_UISupportedInterfaceOrientations_iPad = "UIInterfaceOrientationPortrait UIInterfaceOrientationPortraitUpsideDown UIInterfaceOrientationLandscapeLeft UIInterfaceOrientationLandscapeRight";
				INFOPLIST_KEY_UISupportedInterfaceOrientations_iPhone = "UIInterfaceOrientationPortrait UIInterfaceOrientationLandscapeLeft UIInterfaceOrientationLandscapeRight";
				IPHONEOS_DEPLOYMENT_TARGET = 18.0;
				LD_RUNPATH_SEARCH_PATHS = (
					"$(inherited)",
					"@executable_path/Frameworks",
				);
				MARKETING_VERSION = 1.0;
				PRODUCT_BUNDLE_IDENTIFIER = "com.sergeew.SpaceX-PetProject";
				PRODUCT_NAME = "$(TARGET_NAME)";
				SWIFT_EMIT_LOC_STRINGS = YES;
				SWIFT_VERSION = 5.0;
				TARGETED_DEVICE_FAMILY = "1,2";
			};
			name = Release;
		};
		216E57B92E8EADA10005F23C /* Debug */ = {
			isa = XCBuildConfiguration;
			buildSettings = {
				ALWAYS_SEARCH_USER_PATHS = NO;
				ASSETCATALOG_COMPILER_GENERATE_SWIFT_ASSET_SYMBOL_EXTENSIONS = YES;
				CLANG_ANALYZER_NONNULL = YES;
				CLANG_ANALYZER_NUMBER_OBJECT_CONVERSION = YES_AGGRESSIVE;
				CLANG_CXX_LANGUAGE_STANDARD = "gnu++20";
				CLANG_ENABLE_MODULES = YES;
				CLANG_ENABLE_OBJC_ARC = YES;
				CLANG_ENABLE_OBJC_WEAK = YES;
				CLANG_WARN_BLOCK_CAPTURE_AUTORELEASING = YES;
				CLANG_WARN_BOOL_CONVERSION = YES;
				CLANG_WARN_COMMA = YES;
				CLANG_WARN_CONSTANT_CONVERSION = YES;
				CLANG_WARN_DEPRECATED_OBJC_IMPLEMENTATIONS = YES;
				CLANG_WARN_DIRECT_OBJC_ISA_USAGE = YES_ERROR;
				CLANG_WARN_DOCUMENTATION_COMMENTS = YES;
				CLANG_WARN_EMPTY_BODY = YES;
				CLANG_WARN_ENUM_CONVERSION = YES;
				CLANG_WARN_INFINITE_RECURSION = YES;
				CLANG_WARN_INT_CONVERSION = YES;
				CLANG_WARN_NON_LITERAL_NULL_CONVERSION = YES;
				CLANG_WARN_OBJC_IMPLICIT_RETAIN_SELF = YES;
				CLANG_WARN_OBJC_LITERAL_CONVERSION = YES;
				CLANG_WARN_OBJC_ROOT_CLASS = YES_ERROR;
				CLANG_WARN_QUOTED_INCLUDE_IN_FRAMEWORK_HEADER = YES;
				CLANG_WARN_RANGE_LOOP_ANALYSIS = YES;
				CLANG_WARN_STRICT_PROTOTYPES = YES;
				CLANG_WARN_SUSPICIOUS_MOVE = YES;
				CLANG_WARN_UNGUARDED_AVAILABILITY = YES_AGGRESSIVE;
				CLANG_WARN_UNREACHABLE_CODE = YES;
				CLANG_WARN__DUPLICATE_METHOD_MATCH = YES;
				COPY_PHASE_STRIP = NO;
				DEBUG_INFORMATION_FORMAT = dwarf;
				ENABLE_STRICT_OBJC_MSGSEND = YES;
				ENABLE_TESTABILITY = YES;
				ENABLE_USER_SCRIPT_SANDBOXING = YES;
				GCC_C_LANGUAGE_STANDARD = gnu17;
				GCC_DYNAMIC_NO_PIC = NO;
				GCC_NO_COMMON_BLOCKS = YES;
				GCC_OPTIMIZATION_LEVEL = 0;
				GCC_PREPROCESSOR_DEFINITIONS = (
					"DEBUG=1",
					"$(inherited)",
				);
				GCC_WARN_64_TO_32_BIT_CONVERSION = YES;
				GCC_WARN_ABOUT_RETURN_TYPE = YES_ERROR;
				GCC_WARN_UNDECLARED_SELECTOR = YES;
				GCC_WARN_UNINITIALIZED_AUTOS = YES_AGGRESSIVE;
				GCC_WARN_UNUSED_FUNCTION = YES;
				GCC_WARN_UNUSED_VARIABLE = YES;
				IPHONEOS_DEPLOYMENT_TARGET = 18.5;
				LOCALIZATION_PREFERS_STRING_CATALOGS = YES;
				MTL_ENABLE_DEBUG_INFO = INCLUDE_SOURCE;
				MTL_FAST_MATH = YES;
				ONLY_ACTIVE_ARCH = YES;
				SDKROOT = iphoneos;
				SWIFT_ACTIVE_COMPILATION_CONDITIONS = "DEBUG $(inherited)";
				SWIFT_OPTIMIZATION_LEVEL = "-Onone";
			};
			name = Debug;
		};
		216E57BA2E8EADA10005F23C /* Release */ = {
			isa = XCBuildConfiguration;
			buildSettings = {
				ALWAYS_SEARCH_USER_PATHS = NO;
				ASSETCATALOG_COMPILER_GENERATE_SWIFT_ASSET_SYMBOL_EXTENSIONS = YES;
				CLANG_ANALYZER_NONNULL = YES;
				CLANG_ANALYZER_NUMBER_OBJECT_CONVERSION = YES_AGGRESSIVE;
				CLANG_CXX_LANGUAGE_STANDARD = "gnu++20";
				CLANG_ENABLE_MODULES = YES;
				CLANG_ENABLE_OBJC_ARC = YES;
				CLANG_ENABLE_OBJC_WEAK = YES;
				CLANG_WARN_BLOCK_CAPTURE_AUTORELEASING = YES;
				CLANG_WARN_BOOL_CONVERSION = YES;
				CLANG_WARN_COMMA = YES;
				CLANG_WARN_CONSTANT_CONVERSION = YES;
				CLANG_WARN_DEPRECATED_OBJC_IMPLEMENTATIONS = YES;
				CLANG_WARN_DIRECT_OBJC_ISA_USAGE = YES_ERROR;
				CLANG_WARN_DOCUMENTATION_COMMENTS = YES;
				CLANG_WARN_EMPTY_BODY = YES;
				CLANG_WARN_ENUM_CONVERSION = YES;
				CLANG_WARN_INFINITE_RECURSION = YES;
				CLANG_WARN_INT_CONVERSION = YES;
				CLANG_WARN_NON_LITERAL_NULL_CONVERSION = YES;
				CLANG_WARN_OBJC_IMPLICIT_RETAIN_SELF = YES;
				CLANG_WARN_OBJC_LITERAL_CONVERSION = YES;
				CLANG_WARN_OBJC_ROOT_CLASS = YES_ERROR;
				CLANG_WARN_QUOTED_INCLUDE_IN_FRAMEWORK_HEADER = YES;
				CLANG_WARN_RANGE_LOOP_ANALYSIS = YES;
				CLANG_WARN_STRICT_PROTOTYPES = YES;
				CLANG_WARN_SUSPICIOUS_MOVE = YES;
				CLANG_WARN_UNGUARDED_AVAILABILITY = YES_AGGRESSIVE;
				CLANG_WARN_UNREACHABLE_CODE = YES;
				CLANG_WARN__DUPLICATE_METHOD_MATCH = YES;
				COPY_PHASE_STRIP = NO;
				DEBUG_INFORMATION_FORMAT = "dwarf-with-dsym";
				ENABLE_NS_ASSERTIONS = NO;
				ENABLE_STRICT_OBJC_MSGSEND = YES;
				ENABLE_USER_SCRIPT_SANDBOXING = YES;
				GCC_C_LANGUAGE_STANDARD = gnu17;
				GCC_NO_COMMON_BLOCKS = YES;
				GCC_WARN_64_TO_32_BIT_CONVERSION = YES;
				GCC_WARN_ABOUT_RETURN_TYPE = YES_ERROR;
				GCC_WARN_UNDECLARED_SELECTOR = YES;
				GCC_WARN_UNINITIALIZED_AUTOS = YES_AGGRESSIVE;
				GCC_WARN_UNUSED_FUNCTION = YES;
				GCC_WARN_UNUSED_VARIABLE = YES;
				IPHONEOS_DEPLOYMENT_TARGET = 18.5;
				LOCALIZATION_PREFERS_STRING_CATALOGS = YES;
				MTL_ENABLE_DEBUG_INFO = NO;
				MTL_FAST_MATH = YES;
				SDKROOT = iphoneos;
				SWIFT_COMPILATION_MODE = wholemodule;
				VALIDATE_PRODUCT = YES;
			};
			name = Release;
		};
		216E57BC2E8EADA10005F23C /* Debug */ = {
			isa = XCBuildConfiguration;
			buildSettings = {
				BUNDLE_LOADER = "$(TEST_HOST)";
				CODE_SIGN_STYLE = Automatic;
				CURRENT_PROJECT_VERSION = 1;
				GENERATE_INFOPLIST_FILE = YES;
				IPHONEOS_DEPLOYMENT_TARGET = 18.5;
				MARKETING_VERSION = 1.0;
				PRODUCT_BUNDLE_IDENTIFIER = "com.sergeew.SpaceX-PetProjectTests";
				PRODUCT_NAME = "$(TARGET_NAME)";
				SWIFT_EMIT_LOC_STRINGS = NO;
				SWIFT_VERSION = 5.0;
				TARGETED_DEVICE_FAMILY = "1,2";
				TEST_HOST = "$(BUILT_PRODUCTS_DIR)/SpaceX-PetProject.app/$(BUNDLE_EXECUTABLE_FOLDER_PATH)/SpaceX-PetProject";
			};
			name = Debug;
		};
		216E57BD2E8EADA10005F23C /* Release */ = {
			isa = XCBuildConfiguration;
			buildSettings = {
				BUNDLE_LOADER = "$(TEST_HOST)";
				CODE_SIGN_STYLE = Automatic;
				CURRENT_PROJECT_VERSION = 1;
				GENERATE_INFOPLIST_FILE = YES;
				IPHONEOS_DEPLOYMENT_TARGET = 18.5;
				MARKETING_VERSION = 1.0;
				PRODUCT_BUNDLE_IDENTIFIER = "com.sergeew.SpaceX-PetProjectTests";
				PRODUCT_NAME = "$(TARGET_NAME)";
				SWIFT_EMIT_LOC_STRINGS = NO;
				SWIFT_VERSION = 5.0;
				TARGETED_DEVICE_FAMILY = "1,2";
				TEST_HOST = "$(BUILT_PRODUCTS_DIR)/SpaceX-PetProject.app/$(BUNDLE_EXECUTABLE_FOLDER_PATH)/SpaceX-PetProject";
			};
			name = Release;
		};
		216E57BF2E8EADA10005F23C /* Debug */ = {
			isa = XCBuildConfiguration;
			buildSettings = {
				CODE_SIGN_STYLE = Automatic;
				CURRENT_PROJECT_VERSION = 1;
				GENERATE_INFOPLIST_FILE = YES;
				MARKETING_VERSION = 1.0;
				PRODUCT_BUNDLE_IDENTIFIER = "com.sergeew.SpaceX-PetProjectUITests";
				PRODUCT_NAME = "$(TARGET_NAME)";
				SWIFT_EMIT_LOC_STRINGS = NO;
				SWIFT_VERSION = 5.0;
				TARGETED_DEVICE_FAMILY = "1,2";
				TEST_TARGET_NAME = "SpaceX-PetProject";
			};
			name = Debug;
		};
		216E57C02E8EADA10005F23C /* Release */ = {
			isa = XCBuildConfiguration;
			buildSettings = {
				CODE_SIGN_STYLE = Automatic;
				CURRENT_PROJECT_VERSION = 1;
				GENERATE_INFOPLIST_FILE = YES;
				MARKETING_VERSION = 1.0;
				PRODUCT_BUNDLE_IDENTIFIER = "com.sergeew.SpaceX-PetProjectUITests";
				PRODUCT_NAME = "$(TARGET_NAME)";
				SWIFT_EMIT_LOC_STRINGS = NO;
				SWIFT_VERSION = 5.0;
				TARGETED_DEVICE_FAMILY = "1,2";
				TEST_TARGET_NAME = "SpaceX-PetProject";
			};
			name = Release;
		};
/* End XCBuildConfiguration section */

/* Begin XCConfigurationList section */
		216E57882E8EAD9F0005F23C /* Build configuration list for PBXProject "SpaceX-PetProject" */ = {
			isa = XCConfigurationList;
			buildConfigurations = (
				216E57B92E8EADA10005F23C /* Debug */,
				216E57BA2E8EADA10005F23C /* Release */,
			);
			defaultConfigurationIsVisible = 0;
			defaultConfigurationName = Release;
		};
		216E57B62E8EADA10005F23C /* Build configuration list for PBXNativeTarget "SpaceX-PetProject" */ = {
			isa = XCConfigurationList;
			buildConfigurations = (
				216E57B72E8EADA10005F23C /* Debug */,
				216E57B82E8EADA10005F23C /* Release */,
			);
			defaultConfigurationIsVisible = 0;
			defaultConfigurationName = Release;
		};
		216E57BB2E8EADA10005F23C /* Build configuration list for PBXNativeTarget "SpaceX-PetProjectTests" */ = {
			isa = XCConfigurationList;
			buildConfigurations = (
				216E57BC2E8EADA10005F23C /* Debug */,
				216E57BD2E8EADA10005F23C /* Release */,
			);
			defaultConfigurationIsVisible = 0;
			defaultConfigurationName = Release;
		};
		216E57BE2E8EADA10005F23C /* Build configuration list for PBXNativeTarget "SpaceX-PetProjectUITests" */ = {
			isa = XCConfigurationList;
			buildConfigurations = (
				216E57BF2E8EADA10005F23C /* Debug */,
				216E57C02E8EADA10005F23C /* Release */,
			);
			defaultConfigurationIsVisible = 0;
			defaultConfigurationName = Release;
		};
/* End XCConfigurationList section */

/* Begin XCRemoteSwiftPackageReference section */
		216E57EB2E901C620005F23C /* XCRemoteSwiftPackageReference "SwiftLint" */ = {
			isa = XCRemoteSwiftPackageReference;
			repositoryURL = "https://github.com/realm/SwiftLint";
			requirement = {
				kind = upToNextMajorVersion;
				minimumVersion = 0.61.0;
			};
		};
/* End XCRemoteSwiftPackageReference section */

/* Begin XCSwiftPackageProductDependency section */
		216E580B2E911C5B0005F23C /* SwiftLintBuildToolPlugin */ = {
			isa = XCSwiftPackageProductDependency;
			package = 216E57EB2E901C620005F23C /* XCRemoteSwiftPackageReference "SwiftLint" */;
			productName = "plugin:SwiftLintBuildToolPlugin";
		};
/* End XCSwiftPackageProductDependency section */
	};
	rootObject = 216E57852E8EAD9F0005F23C /* Project object */;
}
